PODS:
  - FittedSheets (2.7.1)
  - KRActivityIndicatorView (3.0.7)
  - KRProgressHUD (3.4.7):
    - KRActivityIndicatorView (= 3.0.7)
  - MercariQRScanner (1.9.0)
  - NevisMobileAuthentication (3.8.1)
  - NevisMobileAuthentication-Debug (3.8.1)
  - Reusable (4.1.2):
    - Reusable/Storyboard (= 4.1.2)
    - Reusable/View (= 4.1.2)
  - Reusable/Storyboard (4.1.2)
  - Reusable/View (4.1.2)
  - RxCocoa (6.8.0):
    - RxRelay (= 6.8.0)
    - RxSwift (= 6.8.0)
  - RxRelay (6.8.0):
    - RxSwift (= 6.8.0)
  - RxSwift (6.8.0)
  - Swinject (2.9.1)
  - SwinjectAutoregistration (2.9.1):
    - Swinject (~> 2.9.1)
  - Then (3.0.0)

DEPENDENCIES:
  - FittedSheets (= 2.7.1)
  - KRProgressHUD (= 3.4.7)
  - MercariQRScanner (= 1.9.0)
  - NevisMobileAuthentication (~> 3.8.1)
  - NevisMobileAuthentication-Debug (~> 3.8.1)
  - Reusable (= 4.1.2)
  - RxCocoa (= 6.8.0)
  - RxSwift (= 6.8.0)
  - Swinject (= 2.9.1)
  - SwinjectAutoregistration (= 2.9.1)
  - Then (= 3.0.0)

SPEC REPOS:
  trunk:
    - FittedSheets
    - KRActivityIndicatorView
    - KRProgressHUD
    - MercariQRScanner
    - NevisMobileAuthentication
    - NevisMobileAuthentication-Debug
    - Reusable
    - RxCocoa
    - RxRelay
    - RxSwift
    - Swinject
    - SwinjectAutoregistration
    - Then

SPEC CHECKSUMS:
  FittedSheets: 38ec85129bf5c970f99d4dba4fbf48185c5fa98a
  KRActivityIndicatorView: ad69e89c4ce40c986cf580595be4829dcad0e35a
  KRProgressHUD: a248f0bc6c9c2aed40a37b76e03ffecc7f85c887
  MercariQRScanner: e5aea873969af59b09b4cc411fc1c5b6293dba44
  NevisMobileAuthentication: c42744e752332068c6f7f2828dbbd713ebc18f14
  NevisMobileAuthentication-Debug: 148684612cd8c5a40f782831aa36a98dc8230e90
  Reusable: 6bae6a5e8aa793c9c441db0213c863a64bce9136
  RxCocoa: 2d33c1e1e5d66492052ad46b11024ae287572880
  RxRelay: 335c78b926a2aea8d863a6d25f1ed3b5ad8e8705
  RxSwift: 4e28be97cbcfeee614af26d83415febbf2bf6f45
  Swinject: a827d508c6270da03ec74e558e728917a888fa9b
  SwinjectAutoregistration: a14d8ed61e88b0044a292958d63318b378375ca6
  Then: 844265ae87834bbe1147d91d5d41a404da2ec27d

PODFILE CHECKSUM: b077f59505557154fbcf3e6465c5df4b591ad5fb

COCOAPODS: 1.16.2
